
Microsoft Visual Studio Solution File, Format Version 12.00
# Visual Studio Version 16
VisualStudioVersion = 16.0.29403.142
MinimumVisualStudioVersion = 10.0.40219.1
Project("{FAE04EC0-301F-11D3-BF4B-00C04F79EFBC}") = "EnigmaApplication", "EnigmaApplication\EnigmaApplication.csproj", "{F78CFA1C-94F8-42EA-868B-D6D1631DB59C}"
EndProject
Project("{FAE04EC0-301F-11D3-BF4B-00C04F79EFBC}") = "EnigmaApplication2", "EnigmaApplication2\EnigmaApplication2.csproj", "{8A6A1FE0-6613-43FD-AB31-291C17C83D6F}"
EndProject
Global
	GlobalSection(SolutionConfigurationPlatforms) = preSolution
		Debug|Any CPU = Debug|Any CPU
		Release|Any CPU = Release|Any CPU
	EndGlobalSection
	GlobalSection(ProjectConfigurationPlatforms) = postSolution
		{F78CFA1C-94F8-42EA-868B-D6D1631DB59C}.Debug|Any CPU.ActiveCfg = Debug|Any CPU
		{F78CFA1C-94F8-42EA-868B-D6D1631DB59C}.Debug|Any CPU.Build.0 = Debug|Any CPU
		{F78CFA1C-94F8-42EA-868B-D6D1631DB59C}.Release|Any CPU.ActiveCfg = Release|Any CPU
		{F78CFA1C-94F8-42EA-868B-D6D1631DB59C}.Release|Any CPU.Build.0 = Release|Any CPU
		{8A6A1FE0-6613-43FD-AB31-291C17C83D6F}.Debug|Any CPU.ActiveCfg = Debug|Any CPU
		{8A6A1FE0-6613-43FD-AB31-291C17C83D6F}.Debug|Any CPU.Build.0 = Debug|Any CPU
		{8A6A1FE0-6613-43FD-AB31-291C17C83D6F}.Release|Any CPU.ActiveCfg = Release|Any CPU
		{8A6A1FE0-6613-43FD-AB31-291C17C83D6F}.Release|Any CPU.Build.0 = Release|Any CPU
	EndGlobalSection
	GlobalSection(SolutionProperties) = preSolution
		HideSolutionNode = FALSE
	EndGlobalSection
	GlobalSection(ExtensibilityGlobals) = postSolution
		SolutionGuid = {4BD128DE-781E-428C-BEFC-EDF269A86A6F}
	EndGlobalSection
EndGlobal
